
Microsoft Visual Studio Solution File, Format Version 12.00
# Visual Studio 15
VisualStudioVersion = 15.0.26228.4
MinimumVisualStudioVersion = 10.0.40219.1
Project("{FAE04EC0-301F-11D3-BF4B-00C04F79EFBC}") = "NotificationCenter", "NotificationCenter\NotificationCenter.csproj", "{384FC202-E44F-4C95-8C63-9CE76FEF74C1}"
EndProject
Project("{FAE04EC0-301F-11D3-BF4B-00C04F79EFBC}") = "Ordinary", "Ordinary\Ordinary.csproj", "{2917D99A-5BDA-4FA9-9604-97700944FF76}"
EndProject
Project("{FAE04EC0-301F-11D3-BF4B-00C04F79EFBC}") = "Administration", "Administration\Administration.csproj", "{A03F40B1-76EE-40E1-9DE9-D4F5B097367B}"
EndProject
Project("{FAE04EC0-301F-11D3-BF4B-00C04F79EFBC}") = "Shared", "Shared\Shared.csproj", "{221A6C42-BD4B-40CD-94B5-822924BD30BD}"
EndProject
Global
	GlobalSection(SolutionConfigurationPlatforms) = preSolution
		Debug|Any CPU = Debug|Any CPU
		Release|Any CPU = Release|Any CPU
	EndGlobalSection
	GlobalSection(ProjectConfigurationPlatforms) = postSolution
		{384FC202-E44F-4C95-8C63-9CE76FEF74C1}.Debug|Any CPU.ActiveCfg = Debug|Any CPU
		{384FC202-E44F-4C95-8C63-9CE76FEF74C1}.Debug|Any CPU.Build.0 = Debug|Any CPU
		{384FC202-E44F-4C95-8C63-9CE76FEF74C1}.Release|Any CPU.ActiveCfg = Release|Any CPU
		{384FC202-E44F-4C95-8C63-9CE76FEF74C1}.Release|Any CPU.Build.0 = Release|Any CPU
		{2917D99A-5BDA-4FA9-9604-97700944FF76}.Debug|Any CPU.ActiveCfg = Debug|Any CPU
		{2917D99A-5BDA-4FA9-9604-97700944FF76}.Debug|Any CPU.Build.0 = Debug|Any CPU
		{2917D99A-5BDA-4FA9-9604-97700944FF76}.Release|Any CPU.ActiveCfg = Release|Any CPU
		{2917D99A-5BDA-4FA9-9604-97700944FF76}.Release|Any CPU.Build.0 = Release|Any CPU
		{A03F40B1-76EE-40E1-9DE9-D4F5B097367B}.Debug|Any CPU.ActiveCfg = Debug|Any CPU
		{A03F40B1-76EE-40E1-9DE9-D4F5B097367B}.Debug|Any CPU.Build.0 = Debug|Any CPU
		{A03F40B1-76EE-40E1-9DE9-D4F5B097367B}.Release|Any CPU.ActiveCfg = Release|Any CPU
		{A03F40B1-76EE-40E1-9DE9-D4F5B097367B}.Release|Any CPU.Build.0 = Release|Any CPU
		{221A6C42-BD4B-40CD-94B5-822924BD30BD}.Debug|Any CPU.ActiveCfg = Debug|Any CPU
		{221A6C42-BD4B-40CD-94B5-822924BD30BD}.Debug|Any CPU.Build.0 = Debug|Any CPU
		{221A6C42-BD4B-40CD-94B5-822924BD30BD}.Release|Any CPU.ActiveCfg = Release|Any CPU
		{221A6C42-BD4B-40CD-94B5-822924BD30BD}.Release|Any CPU.Build.0 = Release|Any CPU
	EndGlobalSection
	GlobalSection(SolutionProperties) = preSolution
		HideSolutionNode = FALSE
	EndGlobalSection
EndGlobal
